
Microsoft Visual Studio Solution File, Format Version 12.00
# Visual Studio Version 16
VisualStudioVersion = 16.0.30804.86
MinimumVisualStudioVersion = 10.0.40219.1
Project("{9A19103F-16F7-4668-BE54-9A1E7A4F7556}") = "ApiApplication", "src\Api-Application\ApiApplication.csproj", "{703A5A5A-586D-4E90-8925-E157FF93F6EF}"
EndProject
Project("{9A19103F-16F7-4668-BE54-9A1E7A4F7556}") = "Business", "src\Business\Business.csproj", "{DFBBE0AE-37A8-4BF8-BC8D-6D06696B8D4C}"
EndProject
Project("{9A19103F-16F7-4668-BE54-9A1E7A4F7556}") = "Data", "src\Data\Data.csproj", "{B482C38E-6359-4E55-B9DC-6E0F2AD92C9D}"
EndProject
Project("{2150E333-8FDC-42A3-9474-1A3956D46DE8}") = "Test", "Test", "{B9AF45A9-F42F-45C6-BC3A-20011B11A293}"
EndProject
Project("{FAE04EC0-301F-11D3-BF4B-00C04F79EFBC}") = "Domain.Test", "src\Test\Domain.Test\Domain.Test.csproj", "{6880018F-30E6-4FCD-A87A-0DCB1C50E7E1}"
EndProject
Global
	GlobalSection(SolutionConfigurationPlatforms) = preSolution
		Debug|Any CPU = Debug|Any CPU
		Release|Any CPU = Release|Any CPU
	EndGlobalSection
	GlobalSection(ProjectConfigurationPlatforms) = postSolution
		{703A5A5A-586D-4E90-8925-E157FF93F6EF}.Debug|Any CPU.ActiveCfg = Debug|Any CPU
		{703A5A5A-586D-4E90-8925-E157FF93F6EF}.Debug|Any CPU.Build.0 = Debug|Any CPU
		{703A5A5A-586D-4E90-8925-E157FF93F6EF}.Release|Any CPU.ActiveCfg = Release|Any CPU
		{703A5A5A-586D-4E90-8925-E157FF93F6EF}.Release|Any CPU.Build.0 = Release|Any CPU
		{DFBBE0AE-37A8-4BF8-BC8D-6D06696B8D4C}.Debug|Any CPU.ActiveCfg = Debug|Any CPU
		{DFBBE0AE-37A8-4BF8-BC8D-6D06696B8D4C}.Debug|Any CPU.Build.0 = Debug|Any CPU
		{DFBBE0AE-37A8-4BF8-BC8D-6D06696B8D4C}.Release|Any CPU.ActiveCfg = Release|Any CPU
		{DFBBE0AE-37A8-4BF8-BC8D-6D06696B8D4C}.Release|Any CPU.Build.0 = Release|Any CPU
		{B482C38E-6359-4E55-B9DC-6E0F2AD92C9D}.Debug|Any CPU.ActiveCfg = Debug|Any CPU
		{B482C38E-6359-4E55-B9DC-6E0F2AD92C9D}.Debug|Any CPU.Build.0 = Debug|Any CPU
		{B482C38E-6359-4E55-B9DC-6E0F2AD92C9D}.Release|Any CPU.ActiveCfg = Release|Any CPU
		{B482C38E-6359-4E55-B9DC-6E0F2AD92C9D}.Release|Any CPU.Build.0 = Release|Any CPU
		{6880018F-30E6-4FCD-A87A-0DCB1C50E7E1}.Debug|Any CPU.ActiveCfg = Debug|Any CPU
		{6880018F-30E6-4FCD-A87A-0DCB1C50E7E1}.Debug|Any CPU.Build.0 = Debug|Any CPU
		{6880018F-30E6-4FCD-A87A-0DCB1C50E7E1}.Release|Any CPU.ActiveCfg = Release|Any CPU
		{6880018F-30E6-4FCD-A87A-0DCB1C50E7E1}.Release|Any CPU.Build.0 = Release|Any CPU
	EndGlobalSection
	GlobalSection(SolutionProperties) = preSolution
		HideSolutionNode = FALSE
	EndGlobalSection
	GlobalSection(NestedProjects) = preSolution
		{6880018F-30E6-4FCD-A87A-0DCB1C50E7E1} = {B9AF45A9-F42F-45C6-BC3A-20011B11A293}
	EndGlobalSection
	GlobalSection(ExtensibilityGlobals) = postSolution
		SolutionGuid = {93813B4E-508C-4AEE-AD79-8BB84998866D}
	EndGlobalSection
EndGlobal
